{
  "object": {
    "pins": [
      {
        "package": "ElegantCalendar",
        "repositoryURL": "https://github.com/ThasianX/ElegantCalendar",
        "state": {
          "branch": "feature/custom-width",
          "revision": "3aec01fef5f18738d147cf10cad8498b9b0c9e57",
          "version": null
        }
      },
      {
        "package": "ElegantPages",
        "repositoryURL": "https://github.com/ThasianX/ElegantPages",
        "state": {
          "branch": "custom-width",
          "revision": "52c65b97628602855e13c62fb83e914510944ebb",
          "version": null
        }
      }
    ]
  },
  "version": 1
}
