// !$*UTF8*$!
{
	archiveVersion = 1;
	classes = {
	};
	objectVersion = 52;
	objects = {

/* Begin PBXBuildFile section */
		1E0D92E024A52355007F41DE /* ElegantCalendar in Frameworks */ = {isa = PBXBuildFile; productRef = 1E0D92DF24A52355007F41DE /* ElegantCalendar */; };
		1E5017FB2488B4C1002496DE /* View+CaptureSize.swift in Sources */ = {isa = PBXBuildFile; fileRef = 1E5017FA2488B4C1002496DE /* View+CaptureSize.swift */; };
		1E8A3DE4248557C200CBA65E /* AppDelegate.swift in Sources */ = {isa = PBXBuildFile; fileRef = 1E8A3DE3248557C200CBA65E /* AppDelegate.swift */; };
		1E8A3DE6248557C200CBA65E /* SceneDelegate.swift in Sources */ = {isa = PBXBuildFile; fileRef = 1E8A3DE5248557C200CBA65E /* SceneDelegate.swift */; };
		1E8A3DEA248557C300CBA65E /* Assets.xcassets in Resources */ = {isa = PBXBuildFile; fileRef = 1E8A3DE9248557C300CBA65E /* Assets.xcassets */; };
		1E8A3DED248557C300CBA65E /* Preview Assets.xcassets in Resources */ = {isa = PBXBuildFile; fileRef = 1E8A3DEC248557C300CBA65E /* Preview Assets.xcassets */; };
		1E8A3DF0248557C300CBA65E /* LaunchScreen.storyboard in Resources */ = {isa = PBXBuildFile; fileRef = 1E8A3DEE248557C300CBA65E /* LaunchScreen.storyboard */; };
		1E8A3DF824855E1100CBA65E /* Visit.swift in Sources */ = {isa = PBXBuildFile; fileRef = 1E8A3DF724855E1100CBA65E /* Visit.swift */; };
		1E8A3DFA24855E6400CBA65E /* Date+toString.swift in Sources */ = {isa = PBXBuildFile; fileRef = 1E8A3DF924855E6400CBA65E /* Date+toString.swift */; };
		1E8A3DFC24855F0600CBA65E /* VisitsPreviewList.swift in Sources */ = {isa = PBXBuildFile; fileRef = 1E8A3DFB24855F0600CBA65E /* VisitsPreviewList.swift */; };
		1E8A3DFF24858A6200CBA65E /* Introspect in Frameworks */ = {isa = PBXBuildFile; productRef = 1E8A3DFE24858A6200CBA65E /* Introspect */; };
		1E8A3E0124858A9B00CBA65E /* DateComponents+Comparable.swift in Sources */ = {isa = PBXBuildFile; fileRef = 1E8A3E0024858A9B00CBA65E /* DateComponents+Comparable.swift */; };
		1E8A3E0324858AF900CBA65E /* Dictionary+SortedKeys.swift in Sources */ = {isa = PBXBuildFile; fileRef = 1E8A3E0224858AF900CBA65E /* Dictionary+SortedKeys.swift */; };
		1E8A3E0524859ECB00CBA65E /* DaySideBar.swift in Sources */ = {isa = PBXBuildFile; fileRef = 1E8A3E0424859ECB00CBA65E /* DaySideBar.swift */; };
		1E8A3E0724859EE200CBA65E /* VisitPreviewConstants.swift in Sources */ = {isa = PBXBuildFile; fileRef = 1E8A3E0624859EE200CBA65E /* VisitPreviewConstants.swift */; };
		1E8A3E0924859EF400CBA65E /* MonthYearSideBar.swift in Sources */ = {isa = PBXBuildFile; fileRef = 1E8A3E0824859EF400CBA65E /* MonthYearSideBar.swift */; };
		1E8A3E0B24859F2200CBA65E /* View+Rotated.swift in Sources */ = {isa = PBXBuildFile; fileRef = 1E8A3E0A24859F2200CBA65E /* View+Rotated.swift */; };
		1E8A3E0D24859F7000CBA65E /* VisitPreviewCell.swift in Sources */ = {isa = PBXBuildFile; fileRef = 1E8A3E0C24859F7000CBA65E /* VisitPreviewCell.swift */; };
		1E8A3E0F2485AAE000CBA65E /* DayPreviewBlock.swift in Sources */ = {isa = PBXBuildFile; fileRef = 1E8A3E0E2485AAE000CBA65E /* DayPreviewBlock.swift */; };
		1E8A3E112485AEAD00CBA65E /* EnvironmentKey+AppTheme.swift in Sources */ = {isa = PBXBuildFile; fileRef = 1E8A3E102485AEAD00CBA65E /* EnvironmentKey+AppTheme.swift */; };
		1EAAC5332485C5A0006DBB8E /* Date+toDateComponents.swift in Sources */ = {isa = PBXBuildFile; fileRef = 1EAAC5322485C5A0006DBB8E /* Date+toDateComponents.swift */; };
		1EAAC5352485DBED006DBB8E /* DateComponents+Subcomponents.swift in Sources */ = {isa = PBXBuildFile; fileRef = 1EAAC5342485DBED006DBB8E /* DateComponents+Subcomponents.swift */; };
		1EAAC537248607A1006DBB8E /* EnvironmentKey+StatusBarHeight.swift in Sources */ = {isa = PBXBuildFile; fileRef = 1EAAC536248607A1006DBB8E /* EnvironmentKey+StatusBarHeight.swift */; };
		1EAAC539248613EC006DBB8E /* VisitsSideBarTracker.swift in Sources */ = {isa = PBXBuildFile; fileRef = 1EAAC538248613EC006DBB8E /* VisitsSideBarTracker.swift */; };
		1EAAC53B24875D14006DBB8E /* DateComponents+Strideable.swift in Sources */ = {isa = PBXBuildFile; fileRef = 1EAAC53A24875D14006DBB8E /* DateComponents+Strideable.swift */; };
/* End PBXBuildFile section */

/* Begin PBXFileReference section */
		1E5017FA2488B4C1002496DE /* View+CaptureSize.swift */ = {isa = PBXFileReference; lastKnownFileType = sourcecode.swift; path = "View+CaptureSize.swift"; sourceTree = "<group>"; };
		1E8A3DE0248557C200CBA65E /* TrackableList.app */ = {isa = PBXFileReference; explicitFileType = wrapper.application; includeInIndex = 0; path = TrackableList.app; sourceTree = BUILT_PRODUCTS_DIR; };
		1E8A3DE3248557C200CBA65E /* AppDelegate.swift */ = {isa = PBXFileReference; lastKnownFileType = sourcecode.swift; path = AppDelegate.swift; sourceTree = "<group>"; };
		1E8A3DE5248557C200CBA65E /* SceneDelegate.swift */ = {isa = PBXFileReference; lastKnownFileType = sourcecode.swift; path = SceneDelegate.swift; sourceTree = "<group>"; };
		1E8A3DE9248557C300CBA65E /* Assets.xcassets */ = {isa = PBXFileReference; lastKnownFileType = folder.assetcatalog; path = Assets.xcassets; sourceTree = "<group>"; };
		1E8A3DEC248557C300CBA65E /* Preview Assets.xcassets */ = {isa = PBXFileReference; lastKnownFileType = folder.assetcatalog; path = "Preview Assets.xcassets"; sourceTree = "<group>"; };
		1E8A3DEF248557C300CBA65E /* Base */ = {isa = PBXFileReference; lastKnownFileType = file.storyboard; name = Base; path = Base.lproj/LaunchScreen.storyboard; sourceTree = "<group>"; };
		1E8A3DF1248557C300CBA65E /* Info.plist */ = {isa = PBXFileReference; lastKnownFileType = text.plist.xml; path = Info.plist; sourceTree = "<group>"; };
		1E8A3DF724855E1100CBA65E /* Visit.swift */ = {isa = PBXFileReference; lastKnownFileType = sourcecode.swift; path = Visit.swift; sourceTree = "<group>"; };
		1E8A3DF924855E6400CBA65E /* Date+toString.swift */ = {isa = PBXFileReference; fileEncoding = 4; lastKnownFileType = sourcecode.swift; path = "Date+toString.swift"; sourceTree = "<group>"; };
		1E8A3DFB24855F0600CBA65E /* VisitsPreviewList.swift */ = {isa = PBXFileReference; lastKnownFileType = sourcecode.swift; path = VisitsPreviewList.swift; sourceTree = "<group>"; };
		1E8A3E0024858A9B00CBA65E /* DateComponents+Comparable.swift */ = {isa = PBXFileReference; lastKnownFileType = sourcecode.swift; path = "DateComponents+Comparable.swift"; sourceTree = "<group>"; };
		1E8A3E0224858AF900CBA65E /* Dictionary+SortedKeys.swift */ = {isa = PBXFileReference; lastKnownFileType = sourcecode.swift; path = "Dictionary+SortedKeys.swift"; sourceTree = "<group>"; };
		1E8A3E0424859ECB00CBA65E /* DaySideBar.swift */ = {isa = PBXFileReference; lastKnownFileType = sourcecode.swift; path = DaySideBar.swift; sourceTree = "<group>"; };
		1E8A3E0624859EE200CBA65E /* VisitPreviewConstants.swift */ = {isa = PBXFileReference; lastKnownFileType = sourcecode.swift; path = VisitPreviewConstants.swift; sourceTree = "<group>"; };
		1E8A3E0824859EF400CBA65E /* MonthYearSideBar.swift */ = {isa = PBXFileReference; lastKnownFileType = sourcecode.swift; path = MonthYearSideBar.swift; sourceTree = "<group>"; };
		1E8A3E0A24859F2200CBA65E /* View+Rotated.swift */ = {isa = PBXFileReference; lastKnownFileType = sourcecode.swift; path = "View+Rotated.swift"; sourceTree = "<group>"; };
		1E8A3E0C24859F7000CBA65E /* VisitPreviewCell.swift */ = {isa = PBXFileReference; lastKnownFileType = sourcecode.swift; path = VisitPreviewCell.swift; sourceTree = "<group>"; };
		1E8A3E0E2485AAE000CBA65E /* DayPreviewBlock.swift */ = {isa = PBXFileReference; lastKnownFileType = sourcecode.swift; path = DayPreviewBlock.swift; sourceTree = "<group>"; };
		1E8A3E102485AEAD00CBA65E /* EnvironmentKey+AppTheme.swift */ = {isa = PBXFileReference; lastKnownFileType = sourcecode.swift; path = "EnvironmentKey+AppTheme.swift"; sourceTree = "<group>"; };
		1EAAC5322485C5A0006DBB8E /* Date+toDateComponents.swift */ = {isa = PBXFileReference; lastKnownFileType = sourcecode.swift; path = "Date+toDateComponents.swift"; sourceTree = "<group>"; };
		1EAAC5342485DBED006DBB8E /* DateComponents+Subcomponents.swift */ = {isa = PBXFileReference; lastKnownFileType = sourcecode.swift; path = "DateComponents+Subcomponents.swift"; sourceTree = "<group>"; };
		1EAAC536248607A1006DBB8E /* EnvironmentKey+StatusBarHeight.swift */ = {isa = PBXFileReference; lastKnownFileType = sourcecode.swift; path = "EnvironmentKey+StatusBarHeight.swift"; sourceTree = "<group>"; };
		1EAAC538248613EC006DBB8E /* VisitsSideBarTracker.swift */ = {isa = PBXFileReference; lastKnownFileType = sourcecode.swift; path = VisitsSideBarTracker.swift; sourceTree = "<group>"; };
		1EAAC53A24875D14006DBB8E /* DateComponents+Strideable.swift */ = {isa = PBXFileReference; lastKnownFileType = sourcecode.swift; path = "DateComponents+Strideable.swift"; sourceTree = "<group>"; };
/* End PBXFileReference section */

/* Begin PBXFrameworksBuildPhase section */
		1E8A3DDD248557C200CBA65E /* Frameworks */ = {
			isa = PBXFrameworksBuildPhase;
			buildActionMask = 2147483647;
			files = (
				1E8A3DFF24858A6200CBA65E /* Introspect in Frameworks */,
				1E0D92E024A52355007F41DE /* ElegantCalendar in Frameworks */,
			);
			runOnlyForDeploymentPostprocessing = 0;
		};
/* End PBXFrameworksBuildPhase section */

/* Begin PBXGroup section */
		1E8A3DD7248557C200CBA65E = {
			isa = PBXGroup;
			children = (
				1E8A3DE2248557C200CBA65E /* TrackableList */,
				1E8A3DE1248557C200CBA65E /* Products */,
			);
			sourceTree = "<group>";
		};
		1E8A3DE1248557C200CBA65E /* Products */ = {
			isa = PBXGroup;
			children = (
				1E8A3DE0248557C200CBA65E /* TrackableList.app */,
			);
			name = Products;
			sourceTree = "<group>";
		};
		1E8A3DE2248557C200CBA65E /* TrackableList */ = {
			isa = PBXGroup;
			children = (
				1E8A3DE3248557C200CBA65E /* AppDelegate.swift */,
				1E8A3DE5248557C200CBA65E /* SceneDelegate.swift */,
				1EAAC53D24875D59006DBB8E /* Views */,
				1E8A3E122485B11D00CBA65E /* Models */,
				1EAAC53C24875D26006DBB8E /* Extensions */,
				1E8A3DE9248557C300CBA65E /* Assets.xcassets */,
				1E8A3DEE248557C300CBA65E /* LaunchScreen.storyboard */,
				1E8A3DF1248557C300CBA65E /* Info.plist */,
				1E8A3DEB248557C300CBA65E /* Preview Content */,
			);
			path = TrackableList;
			sourceTree = "<group>";
		};
		1E8A3DEB248557C300CBA65E /* Preview Content */ = {
			isa = PBXGroup;
			children = (
				1E8A3DEC248557C300CBA65E /* Preview Assets.xcassets */,
			);
			path = "Preview Content";
			sourceTree = "<group>";
		};
		1E8A3E122485B11D00CBA65E /* Models */ = {
			isa = PBXGroup;
			children = (
				1E8A3DF724855E1100CBA65E /* Visit.swift */,
				1E8A3E0624859EE200CBA65E /* VisitPreviewConstants.swift */,
				1EAAC538248613EC006DBB8E /* VisitsSideBarTracker.swift */,
			);
			path = Models;
			sourceTree = "<group>";
		};
		1EAAC53C24875D26006DBB8E /* Extensions */ = {
			isa = PBXGroup;
			children = (
				1EAAC5322485C5A0006DBB8E /* Date+toDateComponents.swift */,
				1E8A3DF924855E6400CBA65E /* Date+toString.swift */,
				1E8A3E0024858A9B00CBA65E /* DateComponents+Comparable.swift */,
				1EAAC53A24875D14006DBB8E /* DateComponents+Strideable.swift */,
				1EAAC5342485DBED006DBB8E /* DateComponents+Subcomponents.swift */,
				1E8A3E0224858AF900CBA65E /* Dictionary+SortedKeys.swift */,
				1E8A3E102485AEAD00CBA65E /* EnvironmentKey+AppTheme.swift */,
				1EAAC536248607A1006DBB8E /* EnvironmentKey+StatusBarHeight.swift */,
				1E8A3E0A24859F2200CBA65E /* View+Rotated.swift */,
				1E5017FA2488B4C1002496DE /* View+CaptureSize.swift */,
			);
			path = Extensions;
			sourceTree = "<group>";
		};
		1EAAC53D24875D59006DBB8E /* Views */ = {
			isa = PBXGroup;
			children = (
				1E8A3E0E2485AAE000CBA65E /* DayPreviewBlock.swift */,
				1E8A3E0424859ECB00CBA65E /* DaySideBar.swift */,
				1E8A3E0824859EF400CBA65E /* MonthYearSideBar.swift */,
				1E8A3E0C24859F7000CBA65E /* VisitPreviewCell.swift */,
				1E8A3DFB24855F0600CBA65E /* VisitsPreviewList.swift */,
			);
			path = Views;
			sourceTree = "<group>";
		};
/* End PBXGroup section */

/* Begin PBXNativeTarget section */
		1E8A3DDF248557C200CBA65E /* TrackableList */ = {
			isa = PBXNativeTarget;
			buildConfigurationList = 1E8A3DF4248557C300CBA65E /* Build configuration list for PBXNativeTarget "TrackableList" */;
			buildPhases = (
				1E8A3DDC248557C200CBA65E /* Sources */,
				1E8A3DDD248557C200CBA65E /* Frameworks */,
				1E8A3DDE248557C200CBA65E /* Resources */,
			);
			buildRules = (
			);
			dependencies = (
			);
			name = TrackableList;
			packageProductDependencies = (
				1E8A3DFE24858A6200CBA65E /* Introspect */,
				1E0D92DF24A52355007F41DE /* ElegantCalendar */,
			);
			productName = TrackableList;
			productReference = 1E8A3DE0248557C200CBA65E /* TrackableList.app */;
			productType = "com.apple.product-type.application";
		};
/* End PBXNativeTarget section */

/* Begin PBXProject section */
		1E8A3DD8248557C200CBA65E /* Project object */ = {
			isa = PBXProject;
			attributes = {
				LastSwiftUpdateCheck = 1150;
				LastUpgradeCheck = 1150;
				ORGANIZATIONNAME = "Kevin Li";
				TargetAttributes = {
					1E8A3DDF248557C200CBA65E = {
						CreatedOnToolsVersion = 11.5;
					};
				};
			};
			buildConfigurationList = 1E8A3DDB248557C200CBA65E /* Build configuration list for PBXProject "TrackableList" */;
			compatibilityVersion = "Xcode 9.3";
			developmentRegion = en;
			hasScannedForEncodings = 0;
			knownRegions = (
				en,
				Base,
			);
			mainGroup = 1E8A3DD7248557C200CBA65E;
			packageReferences = (
				1E8A3DFD24858A6200CBA65E /* XCRemoteSwiftPackageReference "SwiftUI-Introspect" */,
				1E0D92DE24A52355007F41DE /* XCRemoteSwiftPackageReference "ElegantCalendar" */,
			);
			productRefGroup = 1E8A3DE1248557C200CBA65E /* Products */;
			projectDirPath = "";
			projectRoot = "";
			targets = (
				1E8A3DDF248557C200CBA65E /* TrackableList */,
			);
		};
/* End PBXProject section */

/* Begin PBXResourcesBuildPhase section */
		1E8A3DDE248557C200CBA65E /* Resources */ = {
			isa = PBXResourcesBuildPhase;
			buildActionMask = 2147483647;
			files = (
				1E8A3DF0248557C300CBA65E /* LaunchScreen.storyboard in Resources */,
				1E8A3DED248557C300CBA65E /* Preview Assets.xcassets in Resources */,
				1E8A3DEA248557C300CBA65E /* Assets.xcassets in Resources */,
			);
			runOnlyForDeploymentPostprocessing = 0;
		};
/* End PBXResourcesBuildPhase section */

/* Begin PBXSourcesBuildPhase section */
		1E8A3DDC248557C200CBA65E /* Sources */ = {
			isa = PBXSourcesBuildPhase;
			buildActionMask = 2147483647;
			files = (
				1E8A3DFA24855E6400CBA65E /* Date+toString.swift in Sources */,
				1EAAC5352485DBED006DBB8E /* DateComponents+Subcomponents.swift in Sources */,
				1EAAC5332485C5A0006DBB8E /* Date+toDateComponents.swift in Sources */,
				1E8A3E0524859ECB00CBA65E /* DaySideBar.swift in Sources */,
				1E8A3DE4248557C200CBA65E /* AppDelegate.swift in Sources */,
				1E8A3DFC24855F0600CBA65E /* VisitsPreviewList.swift in Sources */,
				1E8A3E0924859EF400CBA65E /* MonthYearSideBar.swift in Sources */,
				1EAAC53B24875D14006DBB8E /* DateComponents+Strideable.swift in Sources */,
				1E8A3E0724859EE200CBA65E /* VisitPreviewConstants.swift in Sources */,
				1E8A3E0D24859F7000CBA65E /* VisitPreviewCell.swift in Sources */,
				1EAAC539248613EC006DBB8E /* VisitsSideBarTracker.swift in Sources */,
				1E8A3DF824855E1100CBA65E /* Visit.swift in Sources */,
				1EAAC537248607A1006DBB8E /* EnvironmentKey+StatusBarHeight.swift in Sources */,
				1E8A3E0324858AF900CBA65E /* Dictionary+SortedKeys.swift in Sources */,
				1E5017FB2488B4C1002496DE /* View+CaptureSize.swift in Sources */,
				1E8A3DE6248557C200CBA65E /* SceneDelegate.swift in Sources */,
				1E8A3E0124858A9B00CBA65E /* DateComponents+Comparable.swift in Sources */,
				1E8A3E112485AEAD00CBA65E /* EnvironmentKey+AppTheme.swift in Sources */,
				1E8A3E0F2485AAE000CBA65E /* DayPreviewBlock.swift in Sources */,
				1E8A3E0B24859F2200CBA65E /* View+Rotated.swift in Sources */,
			);
			runOnlyForDeploymentPostprocessing = 0;
		};
/* End PBXSourcesBuildPhase section */

/* Begin PBXVariantGroup section */
		1E8A3DEE248557C300CBA65E /* LaunchScreen.storyboard */ = {
			isa = PBXVariantGroup;
			children = (
				1E8A3DEF248557C300CBA65E /* Base */,
			);
			name = LaunchScreen.storyboard;
			sourceTree = "<group>";
		};
/* End PBXVariantGroup section */

/* Begin XCBuildConfiguration section */
		1E8A3DF2248557C300CBA65E /* Debug */ = {
			isa = XCBuildConfiguration;
			buildSettings = {
				ALWAYS_SEARCH_USER_PATHS = NO;
				CLANG_ANALYZER_NONNULL = YES;
				CLANG_ANALYZER_NUMBER_OBJECT_CONVERSION = YES_AGGRESSIVE;
				CLANG_CXX_LANGUAGE_STANDARD = "gnu++14";
				CLANG_CXX_LIBRARY = "libc++";
				CLANG_ENABLE_MODULES = YES;
				CLANG_ENABLE_OBJC_ARC = YES;
				CLANG_ENABLE_OBJC_WEAK = YES;
				CLANG_WARN_BLOCK_CAPTURE_AUTORELEASING = YES;
				CLANG_WARN_BOOL_CONVERSION = YES;
				CLANG_WARN_COMMA = YES;
				CLANG_WARN_CONSTANT_CONVERSION = YES;
				CLANG_WARN_DEPRECATED_OBJC_IMPLEMENTATIONS = YES;
				CLANG_WARN_DIRECT_OBJC_ISA_USAGE = YES_ERROR;
				CLANG_WARN_DOCUMENTATION_COMMENTS = YES;
				CLANG_WARN_EMPTY_BODY = YES;
				CLANG_WARN_ENUM_CONVERSION = YES;
				CLANG_WARN_INFINITE_RECURSION = YES;
				CLANG_WARN_INT_CONVERSION = YES;
				CLANG_WARN_NON_LITERAL_NULL_CONVERSION = YES;
				CLANG_WARN_OBJC_IMPLICIT_RETAIN_SELF = YES;
				CLANG_WARN_OBJC_LITERAL_CONVERSION = YES;
				CLANG_WARN_OBJC_ROOT_CLASS = YES_ERROR;
				CLANG_WARN_RANGE_LOOP_ANALYSIS = YES;
				CLANG_WARN_STRICT_PROTOTYPES = YES;
				CLANG_WARN_SUSPICIOUS_MOVE = YES;
				CLANG_WARN_UNGUARDED_AVAILABILITY = YES_AGGRESSIVE;
				CLANG_WARN_UNREACHABLE_CODE = YES;
				CLANG_WARN__DUPLICATE_METHOD_MATCH = YES;
				COPY_PHASE_STRIP = NO;
				DEBUG_INFORMATION_FORMAT = dwarf;
				ENABLE_STRICT_OBJC_MSGSEND = YES;
				ENABLE_TESTABILITY = YES;
				GCC_C_LANGUAGE_STANDARD = gnu11;
				GCC_DYNAMIC_NO_PIC = NO;
				GCC_NO_COMMON_BLOCKS = YES;
				GCC_OPTIMIZATION_LEVEL = 0;
				GCC_PREPROCESSOR_DEFINITIONS = (
					"DEBUG=1",
					"$(inherited)",
				);
				GCC_WARN_64_TO_32_BIT_CONVERSION = YES;
				GCC_WARN_ABOUT_RETURN_TYPE = YES_ERROR;
				GCC_WARN_UNDECLARED_SELECTOR = YES;
				GCC_WARN_UNINITIALIZED_AUTOS = YES_AGGRESSIVE;
				GCC_WARN_UNUSED_FUNCTION = YES;
				GCC_WARN_UNUSED_VARIABLE = YES;
				IPHONEOS_DEPLOYMENT_TARGET = 13.0;
				MTL_ENABLE_DEBUG_INFO = INCLUDE_SOURCE;
				MTL_FAST_MATH = YES;
				ONLY_ACTIVE_ARCH = YES;
				SDKROOT = iphoneos;
				SWIFT_ACTIVE_COMPILATION_CONDITIONS = DEBUG;
				SWIFT_OPTIMIZATION_LEVEL = "-Onone";
			};
			name = Debug;
		};
		1E8A3DF3248557C300CBA65E /* Release */ = {
			isa = XCBuildConfiguration;
			buildSettings = {
				ALWAYS_SEARCH_USER_PATHS = NO;
				CLANG_ANALYZER_NONNULL = YES;
				CLANG_ANALYZER_NUMBER_OBJECT_CONVERSION = YES_AGGRESSIVE;
				CLANG_CXX_LANGUAGE_STANDARD = "gnu++14";
				CLANG_CXX_LIBRARY = "libc++";
				CLANG_ENABLE_MODULES = YES;
				CLANG_ENABLE_OBJC_ARC = YES;
				CLANG_ENABLE_OBJC_WEAK = YES;
				CLANG_WARN_BLOCK_CAPTURE_AUTORELEASING = YES;
				CLANG_WARN_BOOL_CONVERSION = YES;
				CLANG_WARN_COMMA = YES;
				CLANG_WARN_CONSTANT_CONVERSION = YES;
				CLANG_WARN_DEPRECATED_OBJC_IMPLEMENTATIONS = YES;
				CLANG_WARN_DIRECT_OBJC_ISA_USAGE = YES_ERROR;
				CLANG_WARN_DOCUMENTATION_COMMENTS = YES;
				CLANG_WARN_EMPTY_BODY = YES;
				CLANG_WARN_ENUM_CONVERSION = YES;
				CLANG_WARN_INFINITE_RECURSION = YES;
				CLANG_WARN_INT_CONVERSION = YES;
				CLANG_WARN_NON_LITERAL_NULL_CONVERSION = YES;
				CLANG_WARN_OBJC_IMPLICIT_RETAIN_SELF = YES;
				CLANG_WARN_OBJC_LITERAL_CONVERSION = YES;
				CLANG_WARN_OBJC_ROOT_CLASS = YES_ERROR;
				CLANG_WARN_RANGE_LOOP_ANALYSIS = YES;
				CLANG_WARN_STRICT_PROTOTYPES = YES;
				CLANG_WARN_SUSPICIOUS_MOVE = YES;
				CLANG_WARN_UNGUARDED_AVAILABILITY = YES_AGGRESSIVE;
				CLANG_WARN_UNREACHABLE_CODE = YES;
				CLANG_WARN__DUPLICATE_METHOD_MATCH = YES;
				COPY_PHASE_STRIP = NO;
				DEBUG_INFORMATION_FORMAT = "dwarf-with-dsym";
				ENABLE_NS_ASSERTIONS = NO;
				ENABLE_STRICT_OBJC_MSGSEND = YES;
				GCC_C_LANGUAGE_STANDARD = gnu11;
				GCC_NO_COMMON_BLOCKS = YES;
				GCC_WARN_64_TO_32_BIT_CONVERSION = YES;
				GCC_WARN_ABOUT_RETURN_TYPE = YES_ERROR;
				GCC_WARN_UNDECLARED_SELECTOR = YES;
				GCC_WARN_UNINITIALIZED_AUTOS = YES_AGGRESSIVE;
				GCC_WARN_UNUSED_FUNCTION = YES;
				GCC_WARN_UNUSED_VARIABLE = YES;
				IPHONEOS_DEPLOYMENT_TARGET = 13.0;
				MTL_ENABLE_DEBUG_INFO = NO;
				MTL_FAST_MATH = YES;
				SDKROOT = iphoneos;
				SWIFT_COMPILATION_MODE = wholemodule;
				SWIFT_OPTIMIZATION_LEVEL = "-O";
				VALIDATE_PRODUCT = YES;
			};
			name = Release;
		};
		1E8A3DF5248557C300CBA65E /* Debug */ = {
			isa = XCBuildConfiguration;
			buildSettings = {
				ASSETCATALOG_COMPILER_APPICON_NAME = AppIcon;
				CODE_SIGN_STYLE = Automatic;
				DEVELOPMENT_ASSET_PATHS = "\"TrackableList/Preview Content\"";
				DEVELOPMENT_TEAM = 75H2NCGMKS;
				ENABLE_PREVIEWS = YES;
				INFOPLIST_FILE = TrackableList/Info.plist;
				LD_RUNPATH_SEARCH_PATHS = (
					"$(inherited)",
					"@executable_path/Frameworks",
				);
				PRODUCT_BUNDLE_IDENTIFIER = com.kevinli.TrackableList;
				PRODUCT_NAME = "$(TARGET_NAME)";
				SWIFT_VERSION = 5.0;
				TARGETED_DEVICE_FAMILY = "1,2";
			};
			name = Debug;
		};
		1E8A3DF6248557C300CBA65E /* Release */ = {
			isa = XCBuildConfiguration;
			buildSettings = {
				ASSETCATALOG_COMPILER_APPICON_NAME = AppIcon;
				CODE_SIGN_STYLE = Automatic;
				DEVELOPMENT_ASSET_PATHS = "\"TrackableList/Preview Content\"";
				DEVELOPMENT_TEAM = 75H2NCGMKS;
				ENABLE_PREVIEWS = YES;
				INFOPLIST_FILE = TrackableList/Info.plist;
				LD_RUNPATH_SEARCH_PATHS = (
					"$(inherited)",
					"@executable_path/Frameworks",
				);
				PRODUCT_BUNDLE_IDENTIFIER = com.kevinli.TrackableList;
				PRODUCT_NAME = "$(TARGET_NAME)";
				SWIFT_VERSION = 5.0;
				TARGETED_DEVICE_FAMILY = "1,2";
			};
			name = Release;
		};
/* End XCBuildConfiguration section */

/* Begin XCConfigurationList section */
		1E8A3DDB248557C200CBA65E /* Build configuration list for PBXProject "TrackableList" */ = {
			isa = XCConfigurationList;
			buildConfigurations = (
				1E8A3DF2248557C300CBA65E /* Debug */,
				1E8A3DF3248557C300CBA65E /* Release */,
			);
			defaultConfigurationIsVisible = 0;
			defaultConfigurationName = Release;
		};
		1E8A3DF4248557C300CBA65E /* Build configuration list for PBXNativeTarget "TrackableList" */ = {
			isa = XCConfigurationList;
			buildConfigurations = (
				1E8A3DF5248557C300CBA65E /* Debug */,
				1E8A3DF6248557C300CBA65E /* Release */,
			);
			defaultConfigurationIsVisible = 0;
			defaultConfigurationName = Release;
		};
/* End XCConfigurationList section */

/* Begin XCRemoteSwiftPackageReference section */
		1E0D92DE24A52355007F41DE /* XCRemoteSwiftPackageReference "ElegantCalendar" */ = {
			isa = XCRemoteSwiftPackageReference;
			repositoryURL = "https://github.com/ThasianX/ElegantCalendar";
			requirement = {
				kind = upToNextMajorVersion;
				minimumVersion = 1.0.0;
			};
		};
		1E8A3DFD24858A6200CBA65E /* XCRemoteSwiftPackageReference "SwiftUI-Introspect" */ = {
			isa = XCRemoteSwiftPackageReference;
			repositoryURL = "https://github.com/siteline/SwiftUI-Introspect";
			requirement = {
				kind = upToNextMajorVersion;
				minimumVersion = 0.1.0;
			};
		};
/* End XCRemoteSwiftPackageReference section */

/* Begin XCSwiftPackageProductDependency section */
		1E0D92DF24A52355007F41DE /* ElegantCalendar */ = {
			isa = XCSwiftPackageProductDependency;
			package = 1E0D92DE24A52355007F41DE /* XCRemoteSwiftPackageReference "ElegantCalendar" */;
			productName = ElegantCalendar;
		};
		1E8A3DFE24858A6200CBA65E /* Introspect */ = {
			isa = XCSwiftPackageProductDependency;
			package = 1E8A3DFD24858A6200CBA65E /* XCRemoteSwiftPackageReference "SwiftUI-Introspect" */;
			productName = Introspect;
		};
/* End XCSwiftPackageProductDependency section */
	};
	rootObject = 1E8A3DD8248557C200CBA65E /* Project object */;
}
