// !$*UTF8*$!
{
	archiveVersion = 1;
	classes = {
	};
	objectVersion = 52;
	objects = {

/* Begin PBXBuildFile section */
		1E0D92E024A52355007F41DE /* ElegantCalendar in Frameworks */ = {isa = PBXBuildFile; productRef = 1E0D92DF24A52355007F41DE /* ElegantCalendar */; };
		1E15AC6F24AEA01800623E98 /* HomeView.swift in Sources */ = {isa = PBXBuildFile; fileRef = 1E15AC6E24AEA01800623E98 /* HomeView.swift */; };
		1E15AC7324AEA18C00623E98 /* HomeManager.swift in Sources */ = {isa = PBXBuildFile; fileRef = 1E15AC7224AEA18C00623E98 /* HomeManager.swift */; };
		1E161B0024D5F7A300CA2B7F /* ElegantCalendar.xcassets in Resources */ = {isa = PBXBuildFile; fileRef = 1E161AFF24D5F7A300CA2B7F /* ElegantCalendar.xcassets */; };
		1E161B0324D5FF3400CA2B7F /* ElegantColorPalette in Frameworks */ = {isa = PBXBuildFile; productRef = 1E161B0224D5FF3400CA2B7F /* ElegantColorPalette */; };
		1E161B0624D5FF5000CA2B7F /* ThemePickerView.swift in Sources */ = {isa = PBXBuildFile; fileRef = 1E161B0524D5FF5000CA2B7F /* ThemePickerView.swift */; };
		1E1EBE0424AF0C5E00FBBD41 /* Calendar+DateOperations.swift in Sources */ = {isa = PBXBuildFile; fileRef = 1E1EBE0324AF0C5E00FBBD41 /* Calendar+DateOperations.swift */; };
		1E5017FB2488B4C1002496DE /* View+CaptureSize.swift in Sources */ = {isa = PBXBuildFile; fileRef = 1E5017FA2488B4C1002496DE /* View+CaptureSize.swift */; };
		1E66EC3824AC19CD0070F16E /* EnvironmentKey+Timer.swift in Sources */ = {isa = PBXBuildFile; fileRef = 1E66EC3724AC19CD0070F16E /* EnvironmentKey+Timer.swift */; };
		1E67992924AEB1C300C18735 /* MenuView.swift in Sources */ = {isa = PBXBuildFile; fileRef = 1E67992824AEB1C300C18735 /* MenuView.swift */; };
		1E717C6E24B9970D0040877E /* VisitsProvider.swift in Sources */ = {isa = PBXBuildFile; fileRef = 1E717C6D24B9970D0040877E /* VisitsProvider.swift */; };
		1E80E5BF24BD727B0030F5E0 /* Comparable+Clamped.swift in Sources */ = {isa = PBXBuildFile; fileRef = 1E80E5BE24BD727B0030F5E0 /* Comparable+Clamped.swift */; };
		1E80E5C124BD770C0030F5E0 /* Image+Custom.swift in Sources */ = {isa = PBXBuildFile; fileRef = 1E80E5C024BD770C0030F5E0 /* Image+Custom.swift */; };
		1E854E3124AECC6300E50973 /* Color+Custom.swift in Sources */ = {isa = PBXBuildFile; fileRef = 1E854E3024AECC6300E50973 /* Color+Custom.swift */; };
		1E8A3DE4248557C200CBA65E /* AppDelegate.swift in Sources */ = {isa = PBXBuildFile; fileRef = 1E8A3DE3248557C200CBA65E /* AppDelegate.swift */; };
		1E8A3DE6248557C200CBA65E /* SceneDelegate.swift in Sources */ = {isa = PBXBuildFile; fileRef = 1E8A3DE5248557C200CBA65E /* SceneDelegate.swift */; };
		1E8A3DEA248557C300CBA65E /* Assets.xcassets in Resources */ = {isa = PBXBuildFile; fileRef = 1E8A3DE9248557C300CBA65E /* Assets.xcassets */; };
		1E8A3DED248557C300CBA65E /* Preview Assets.xcassets in Resources */ = {isa = PBXBuildFile; fileRef = 1E8A3DEC248557C300CBA65E /* Preview Assets.xcassets */; };
		1E8A3DF0248557C300CBA65E /* LaunchScreen.storyboard in Resources */ = {isa = PBXBuildFile; fileRef = 1E8A3DEE248557C300CBA65E /* LaunchScreen.storyboard */; };
		1E8A3DF824855E1100CBA65E /* Visit.swift in Sources */ = {isa = PBXBuildFile; fileRef = 1E8A3DF724855E1100CBA65E /* Visit.swift */; };
		1E8A3DFA24855E6400CBA65E /* Date+toString.swift in Sources */ = {isa = PBXBuildFile; fileRef = 1E8A3DF924855E6400CBA65E /* Date+toString.swift */; };
		1E8A3DFC24855F0600CBA65E /* VisitsPreviewView.swift in Sources */ = {isa = PBXBuildFile; fileRef = 1E8A3DFB24855F0600CBA65E /* VisitsPreviewView.swift */; };
		1E8A3E0124858A9B00CBA65E /* DateComponents+Comparable.swift in Sources */ = {isa = PBXBuildFile; fileRef = 1E8A3E0024858A9B00CBA65E /* DateComponents+Comparable.swift */; };
		1E8A3E0324858AF900CBA65E /* Dictionary+SortedKeys.swift in Sources */ = {isa = PBXBuildFile; fileRef = 1E8A3E0224858AF900CBA65E /* Dictionary+SortedKeys.swift */; };
		1E8A3E0524859ECB00CBA65E /* DaySideBar.swift in Sources */ = {isa = PBXBuildFile; fileRef = 1E8A3E0424859ECB00CBA65E /* DaySideBar.swift */; };
		1E8A3E0724859EE200CBA65E /* Constants.swift in Sources */ = {isa = PBXBuildFile; fileRef = 1E8A3E0624859EE200CBA65E /* Constants.swift */; };
		1E8A3E0924859EF400CBA65E /* MonthYearSideBar.swift in Sources */ = {isa = PBXBuildFile; fileRef = 1E8A3E0824859EF400CBA65E /* MonthYearSideBar.swift */; };
		1E8A3E0B24859F2200CBA65E /* View+Rotated.swift in Sources */ = {isa = PBXBuildFile; fileRef = 1E8A3E0A24859F2200CBA65E /* View+Rotated.swift */; };
		1E8A3E0D24859F7000CBA65E /* VisitPreviewCell.swift in Sources */ = {isa = PBXBuildFile; fileRef = 1E8A3E0C24859F7000CBA65E /* VisitPreviewCell.swift */; };
		1E8A3E0F2485AAE000CBA65E /* DayPreviewBlock.swift in Sources */ = {isa = PBXBuildFile; fileRef = 1E8A3E0E2485AAE000CBA65E /* DayPreviewBlock.swift */; };
		1E8A3E112485AEAD00CBA65E /* EnvironmentKey+AppTheme.swift in Sources */ = {isa = PBXBuildFile; fileRef = 1E8A3E102485AEAD00CBA65E /* EnvironmentKey+AppTheme.swift */; };
		1E8D768724B813250027073E /* VisitsListView.swift in Sources */ = {isa = PBXBuildFile; fileRef = 1E8D768624B813250027073E /* VisitsListView.swift */; };
		1E8D768924B813C10027073E /* VisitCell.swift in Sources */ = {isa = PBXBuildFile; fileRef = 1E8D768824B813C10027073E /* VisitCell.swift */; };
		1E8D768B24B816A50027073E /* PageScrollState.swift in Sources */ = {isa = PBXBuildFile; fileRef = 1E8D768A24B816A40027073E /* PageScrollState.swift */; };
		1E8E711E24AFC9FF006380B6 /* VisitsPreviewList.swift in Sources */ = {isa = PBXBuildFile; fileRef = 1E8E711D24AFC9FF006380B6 /* VisitsPreviewList.swift */; };
		1E995AF924A573BC00F436BE /* LightDarkThemePreview.swift in Sources */ = {isa = PBXBuildFile; fileRef = 1E995AF824A573BC00F436BE /* LightDarkThemePreview.swift */; };
		1E995AFB24A5845900F436BE /* FromTodayPopupView.swift in Sources */ = {isa = PBXBuildFile; fileRef = 1E995AFA24A5845900F436BE /* FromTodayPopupView.swift */; };
		1E995AFD24A5BF3200F436BE /* ScrollBackToTodayButton.swift in Sources */ = {isa = PBXBuildFile; fileRef = 1E995AFC24A5BF3200F436BE /* ScrollBackToTodayButton.swift */; };
		1E995AFF24A5CBEF00F436BE /* DayVisitsView.swift in Sources */ = {isa = PBXBuildFile; fileRef = 1E995AFE24A5CBEF00F436BE /* DayVisitsView.swift */; };
		1E995B0424A69C7300F436BE /* VisitsTimelineView.swift in Sources */ = {isa = PBXBuildFile; fileRef = 1E995B0324A69C7300F436BE /* VisitsTimelineView.swift */; };
		1E9C2AC724BA30580095FC6E /* MenuBarIndicator.swift in Sources */ = {isa = PBXBuildFile; fileRef = 1E9C2AC624BA30580095FC6E /* MenuBarIndicator.swift */; };
		1E9C2AC924BA505E0095FC6E /* ResizingOverlayView.swift in Sources */ = {isa = PBXBuildFile; fileRef = 1E9C2AC824BA505E0095FC6E /* ResizingOverlayView.swift */; };
		1EAAC5332485C5A0006DBB8E /* Date+toDateComponents.swift in Sources */ = {isa = PBXBuildFile; fileRef = 1EAAC5322485C5A0006DBB8E /* Date+toDateComponents.swift */; };
		1EAAC5352485DBED006DBB8E /* DateComponents+Subcomponents.swift in Sources */ = {isa = PBXBuildFile; fileRef = 1EAAC5342485DBED006DBB8E /* DateComponents+Subcomponents.swift */; };
		1EAAC539248613EC006DBB8E /* ListScrollState.swift in Sources */ = {isa = PBXBuildFile; fileRef = 1EAAC538248613EC006DBB8E /* ListScrollState.swift */; };
		1EAAC53B24875D14006DBB8E /* DateComponents+Strideable.swift in Sources */ = {isa = PBXBuildFile; fileRef = 1EAAC53A24875D14006DBB8E /* DateComponents+Strideable.swift */; };
		1EBDB47924AAA71D00F0C3E5 /* QuoteView.swift in Sources */ = {isa = PBXBuildFile; fileRef = 1EBDB47824AAA71D00F0C3E5 /* QuoteView.swift */; };
		1EC22FE624C03F030095F3C3 /* MonthYearSideBarState.swift in Sources */ = {isa = PBXBuildFile; fileRef = 1EC22FE524C03F030095F3C3 /* MonthYearSideBarState.swift */; };
		1EC22FE824C03F470095F3C3 /* FromTodayPopupState.swift in Sources */ = {isa = PBXBuildFile; fileRef = 1EC22FE724C03F470095F3C3 /* FromTodayPopupState.swift */; };
		1EC22FEA24C03FB00095F3C3 /* QuoteState.swift in Sources */ = {isa = PBXBuildFile; fileRef = 1EC22FE924C03FB00095F3C3 /* QuoteState.swift */; };
		1EE035E824B298B500DE6850 /* UITableViewDirectAccess.swift in Sources */ = {isa = PBXBuildFile; fileRef = 1EE035E724B298B500DE6850 /* UITableViewDirectAccess.swift */; };
		1EFC6BC724BFE197002B96D7 /* Date+DaysFromToday.swift in Sources */ = {isa = PBXBuildFile; fileRef = 1EFC6BC624BFE197002B96D7 /* Date+DaysFromToday.swift */; };
/* End PBXBuildFile section */

/* Begin PBXFileReference section */
		1E15AC6E24AEA01800623E98 /* HomeView.swift */ = {isa = PBXFileReference; lastKnownFileType = sourcecode.swift; path = HomeView.swift; sourceTree = "<group>"; };
		1E15AC7224AEA18C00623E98 /* HomeManager.swift */ = {isa = PBXFileReference; lastKnownFileType = sourcecode.swift; path = HomeManager.swift; sourceTree = "<group>"; };
		1E161AFF24D5F7A300CA2B7F /* ElegantCalendar.xcassets */ = {isa = PBXFileReference; lastKnownFileType = folder.assetcatalog; name = ElegantCalendar.xcassets; path = ../../../SourcePackages/checkouts/ElegantCalendar/ElegantCalendar.xcassets; sourceTree = BUILT_PRODUCTS_DIR; };
		1E161B0524D5FF5000CA2B7F /* ThemePickerView.swift */ = {isa = PBXFileReference; lastKnownFileType = sourcecode.swift; path = ThemePickerView.swift; sourceTree = "<group>"; };
		1E1EBE0324AF0C5E00FBBD41 /* Calendar+DateOperations.swift */ = {isa = PBXFileReference; lastKnownFileType = sourcecode.swift; path = "Calendar+DateOperations.swift"; sourceTree = "<group>"; };
		1E5017FA2488B4C1002496DE /* View+CaptureSize.swift */ = {isa = PBXFileReference; lastKnownFileType = sourcecode.swift; path = "View+CaptureSize.swift"; sourceTree = "<group>"; };
		1E66EC3724AC19CD0070F16E /* EnvironmentKey+Timer.swift */ = {isa = PBXFileReference; lastKnownFileType = sourcecode.swift; path = "EnvironmentKey+Timer.swift"; sourceTree = "<group>"; };
		1E67992824AEB1C300C18735 /* MenuView.swift */ = {isa = PBXFileReference; lastKnownFileType = sourcecode.swift; path = MenuView.swift; sourceTree = "<group>"; };
		1E717C6D24B9970D0040877E /* VisitsProvider.swift */ = {isa = PBXFileReference; lastKnownFileType = sourcecode.swift; path = VisitsProvider.swift; sourceTree = "<group>"; };
		1E80E5BE24BD727B0030F5E0 /* Comparable+Clamped.swift */ = {isa = PBXFileReference; lastKnownFileType = sourcecode.swift; path = "Comparable+Clamped.swift"; sourceTree = "<group>"; };
		1E80E5C024BD770C0030F5E0 /* Image+Custom.swift */ = {isa = PBXFileReference; lastKnownFileType = sourcecode.swift; path = "Image+Custom.swift"; sourceTree = "<group>"; };
		1E854E3024AECC6300E50973 /* Color+Custom.swift */ = {isa = PBXFileReference; lastKnownFileType = sourcecode.swift; path = "Color+Custom.swift"; sourceTree = "<group>"; };
		1E8A3DE0248557C200CBA65E /* ElegantTimeline.app */ = {isa = PBXFileReference; explicitFileType = wrapper.application; includeInIndex = 0; path = ElegantTimeline.app; sourceTree = BUILT_PRODUCTS_DIR; };
		1E8A3DE3248557C200CBA65E /* AppDelegate.swift */ = {isa = PBXFileReference; lastKnownFileType = sourcecode.swift; path = AppDelegate.swift; sourceTree = "<group>"; };
		1E8A3DE5248557C200CBA65E /* SceneDelegate.swift */ = {isa = PBXFileReference; lastKnownFileType = sourcecode.swift; path = SceneDelegate.swift; sourceTree = "<group>"; };
		1E8A3DE9248557C300CBA65E /* Assets.xcassets */ = {isa = PBXFileReference; lastKnownFileType = folder.assetcatalog; path = Assets.xcassets; sourceTree = "<group>"; };
		1E8A3DEC248557C300CBA65E /* Preview Assets.xcassets */ = {isa = PBXFileReference; lastKnownFileType = folder.assetcatalog; path = "Preview Assets.xcassets"; sourceTree = "<group>"; };
		1E8A3DEF248557C300CBA65E /* Base */ = {isa = PBXFileReference; lastKnownFileType = file.storyboard; name = Base; path = Base.lproj/LaunchScreen.storyboard; sourceTree = "<group>"; };
		1E8A3DF1248557C300CBA65E /* Info.plist */ = {isa = PBXFileReference; lastKnownFileType = text.plist.xml; path = Info.plist; sourceTree = "<group>"; };
		1E8A3DF724855E1100CBA65E /* Visit.swift */ = {isa = PBXFileReference; lastKnownFileType = sourcecode.swift; path = Visit.swift; sourceTree = "<group>"; };
		1E8A3DF924855E6400CBA65E /* Date+toString.swift */ = {isa = PBXFileReference; fileEncoding = 4; lastKnownFileType = sourcecode.swift; path = "Date+toString.swift"; sourceTree = "<group>"; };
		1E8A3DFB24855F0600CBA65E /* VisitsPreviewView.swift */ = {isa = PBXFileReference; lastKnownFileType = sourcecode.swift; path = VisitsPreviewView.swift; sourceTree = "<group>"; };
		1E8A3E0024858A9B00CBA65E /* DateComponents+Comparable.swift */ = {isa = PBXFileReference; lastKnownFileType = sourcecode.swift; path = "DateComponents+Comparable.swift"; sourceTree = "<group>"; };
		1E8A3E0224858AF900CBA65E /* Dictionary+SortedKeys.swift */ = {isa = PBXFileReference; lastKnownFileType = sourcecode.swift; path = "Dictionary+SortedKeys.swift"; sourceTree = "<group>"; };
		1E8A3E0424859ECB00CBA65E /* DaySideBar.swift */ = {isa = PBXFileReference; lastKnownFileType = sourcecode.swift; path = DaySideBar.swift; sourceTree = "<group>"; };
		1E8A3E0624859EE200CBA65E /* Constants.swift */ = {isa = PBXFileReference; lastKnownFileType = sourcecode.swift; path = Constants.swift; sourceTree = "<group>"; };
		1E8A3E0824859EF400CBA65E /* MonthYearSideBar.swift */ = {isa = PBXFileReference; lastKnownFileType = sourcecode.swift; path = MonthYearSideBar.swift; sourceTree = "<group>"; };
		1E8A3E0A24859F2200CBA65E /* View+Rotated.swift */ = {isa = PBXFileReference; lastKnownFileType = sourcecode.swift; path = "View+Rotated.swift"; sourceTree = "<group>"; };
		1E8A3E0C24859F7000CBA65E /* VisitPreviewCell.swift */ = {isa = PBXFileReference; lastKnownFileType = sourcecode.swift; path = VisitPreviewCell.swift; sourceTree = "<group>"; };
		1E8A3E0E2485AAE000CBA65E /* DayPreviewBlock.swift */ = {isa = PBXFileReference; lastKnownFileType = sourcecode.swift; path = DayPreviewBlock.swift; sourceTree = "<group>"; };
		1E8A3E102485AEAD00CBA65E /* EnvironmentKey+AppTheme.swift */ = {isa = PBXFileReference; lastKnownFileType = sourcecode.swift; path = "EnvironmentKey+AppTheme.swift"; sourceTree = "<group>"; };
		1E8D768624B813250027073E /* VisitsListView.swift */ = {isa = PBXFileReference; lastKnownFileType = sourcecode.swift; path = VisitsListView.swift; sourceTree = "<group>"; };
		1E8D768824B813C10027073E /* VisitCell.swift */ = {isa = PBXFileReference; lastKnownFileType = sourcecode.swift; path = VisitCell.swift; sourceTree = "<group>"; };
		1E8D768A24B816A40027073E /* PageScrollState.swift */ = {isa = PBXFileReference; lastKnownFileType = sourcecode.swift; path = PageScrollState.swift; sourceTree = "<group>"; };
		1E8E711D24AFC9FF006380B6 /* VisitsPreviewList.swift */ = {isa = PBXFileReference; lastKnownFileType = sourcecode.swift; path = VisitsPreviewList.swift; sourceTree = "<group>"; };
		1E995AF824A573BC00F436BE /* LightDarkThemePreview.swift */ = {isa = PBXFileReference; lastKnownFileType = sourcecode.swift; path = LightDarkThemePreview.swift; sourceTree = "<group>"; };
		1E995AFA24A5845900F436BE /* FromTodayPopupView.swift */ = {isa = PBXFileReference; lastKnownFileType = sourcecode.swift; path = FromTodayPopupView.swift; sourceTree = "<group>"; };
		1E995AFC24A5BF3200F436BE /* ScrollBackToTodayButton.swift */ = {isa = PBXFileReference; lastKnownFileType = sourcecode.swift; path = ScrollBackToTodayButton.swift; sourceTree = "<group>"; };
		1E995AFE24A5CBEF00F436BE /* DayVisitsView.swift */ = {isa = PBXFileReference; lastKnownFileType = sourcecode.swift; path = DayVisitsView.swift; sourceTree = "<group>"; };
		1E995B0324A69C7300F436BE /* VisitsTimelineView.swift */ = {isa = PBXFileReference; lastKnownFileType = sourcecode.swift; path = VisitsTimelineView.swift; sourceTree = "<group>"; };
		1E9C2AC624BA30580095FC6E /* MenuBarIndicator.swift */ = {isa = PBXFileReference; lastKnownFileType = sourcecode.swift; path = MenuBarIndicator.swift; sourceTree = "<group>"; };
		1E9C2AC824BA505E0095FC6E /* ResizingOverlayView.swift */ = {isa = PBXFileReference; lastKnownFileType = sourcecode.swift; path = ResizingOverlayView.swift; sourceTree = "<group>"; };
		1EAAC5322485C5A0006DBB8E /* Date+toDateComponents.swift */ = {isa = PBXFileReference; lastKnownFileType = sourcecode.swift; path = "Date+toDateComponents.swift"; sourceTree = "<group>"; };
		1EAAC5342485DBED006DBB8E /* DateComponents+Subcomponents.swift */ = {isa = PBXFileReference; lastKnownFileType = sourcecode.swift; path = "DateComponents+Subcomponents.swift"; sourceTree = "<group>"; };
		1EAAC538248613EC006DBB8E /* ListScrollState.swift */ = {isa = PBXFileReference; lastKnownFileType = sourcecode.swift; path = ListScrollState.swift; sourceTree = "<group>"; };
		1EAAC53A24875D14006DBB8E /* DateComponents+Strideable.swift */ = {isa = PBXFileReference; lastKnownFileType = sourcecode.swift; path = "DateComponents+Strideable.swift"; sourceTree = "<group>"; };
		1EBDB47824AAA71D00F0C3E5 /* QuoteView.swift */ = {isa = PBXFileReference; lastKnownFileType = sourcecode.swift; path = QuoteView.swift; sourceTree = "<group>"; };
		1EC22FE524C03F030095F3C3 /* MonthYearSideBarState.swift */ = {isa = PBXFileReference; lastKnownFileType = sourcecode.swift; path = MonthYearSideBarState.swift; sourceTree = "<group>"; };
		1EC22FE724C03F470095F3C3 /* FromTodayPopupState.swift */ = {isa = PBXFileReference; lastKnownFileType = sourcecode.swift; path = FromTodayPopupState.swift; sourceTree = "<group>"; };
		1EC22FE924C03FB00095F3C3 /* QuoteState.swift */ = {isa = PBXFileReference; lastKnownFileType = sourcecode.swift; path = QuoteState.swift; sourceTree = "<group>"; };
		1EE035E724B298B500DE6850 /* UITableViewDirectAccess.swift */ = {isa = PBXFileReference; lastKnownFileType = sourcecode.swift; path = UITableViewDirectAccess.swift; sourceTree = "<group>"; };
		1EFC6BC624BFE197002B96D7 /* Date+DaysFromToday.swift */ = {isa = PBXFileReference; lastKnownFileType = sourcecode.swift; path = "Date+DaysFromToday.swift"; sourceTree = "<group>"; };
/* End PBXFileReference section */

/* Begin PBXFrameworksBuildPhase section */
		1E8A3DDD248557C200CBA65E /* Frameworks */ = {
			isa = PBXFrameworksBuildPhase;
			buildActionMask = 2147483647;
			files = (
				1E0D92E024A52355007F41DE /* ElegantCalendar in Frameworks */,
				1E161B0324D5FF3400CA2B7F /* ElegantColorPalette in Frameworks */,
			);
			runOnlyForDeploymentPostprocessing = 0;
		};
/* End PBXFrameworksBuildPhase section */

/* Begin PBXGroup section */
		1E8A3DD7248557C200CBA65E = {
			isa = PBXGroup;
			children = (
				1E161AFF24D5F7A300CA2B7F /* ElegantCalendar.xcassets */,
				1E8A3DE2248557C200CBA65E /* ElegantTimeline */,
				1E8A3DE1248557C200CBA65E /* Products */,
			);
			sourceTree = "<group>";
		};
		1E8A3DE1248557C200CBA65E /* Products */ = {
			isa = PBXGroup;
			children = (
				1E8A3DE0248557C200CBA65E /* ElegantTimeline.app */,
			);
			name = Products;
			sourceTree = "<group>";
		};
		1E8A3DE2248557C200CBA65E /* ElegantTimeline */ = {
			isa = PBXGroup;
			children = (
				1E8A3DE3248557C200CBA65E /* AppDelegate.swift */,
				1E8A3DE5248557C200CBA65E /* SceneDelegate.swift */,
				1EAAC53D24875D59006DBB8E /* Views */,
				1E8A3E122485B11D00CBA65E /* Helpers */,
				1E8A3DE9248557C300CBA65E /* Assets.xcassets */,
				1E8A3DEE248557C300CBA65E /* LaunchScreen.storyboard */,
				1E8A3DF1248557C300CBA65E /* Info.plist */,
				1E8A3DEB248557C300CBA65E /* Preview Content */,
			);
			path = ElegantTimeline;
			sourceTree = "<group>";
		};
		1E8A3DEB248557C300CBA65E /* Preview Content */ = {
			isa = PBXGroup;
			children = (
				1E8A3DEC248557C300CBA65E /* Preview Assets.xcassets */,
			);
			path = "Preview Content";
			sourceTree = "<group>";
		};
		1E8A3E122485B11D00CBA65E /* Helpers */ = {
			isa = PBXGroup;
			children = (
				1EAAC53C24875D26006DBB8E /* Extensions */,
				1ECD78AD24A6B3F1007F1EBD /* Models */,
				1ECD78AE24A6B3F8007F1EBD /* ObservableObjects */,
				1ECD78AF24A6B402007F1EBD /* Previews */,
			);
			path = Helpers;
			sourceTree = "<group>";
		};
		1E8D768C24B816FA0027073E /* VisitsListView */ = {
			isa = PBXGroup;
			children = (
				1E8D768624B813250027073E /* VisitsListView.swift */,
				1E8D768824B813C10027073E /* VisitCell.swift */,
			);
			path = VisitsListView;
			sourceTree = "<group>";
		};
		1E8D768D24B817310027073E /* VisitsPreviewList */ = {
			isa = PBXGroup;
			children = (
				1E8E711D24AFC9FF006380B6 /* VisitsPreviewList.swift */,
				1ECD78AB24A6B2FB007F1EBD /* DayVisitsView */,
			);
			path = VisitsPreviewList;
			sourceTree = "<group>";
		};
		1E8D768E24B8175B0027073E /* HomeView */ = {
			isa = PBXGroup;
			children = (
				1E15AC6E24AEA01800623E98 /* HomeView.swift */,
				1E995B0224A69C3C00F436BE /* VisitsPreviewView */,
				1E67992824AEB1C300C18735 /* MenuView.swift */,
				1E161B0524D5FF5000CA2B7F /* ThemePickerView.swift */,
			);
			path = HomeView;
			sourceTree = "<group>";
		};
		1E995B0224A69C3C00F436BE /* VisitsPreviewView */ = {
			isa = PBXGroup;
			children = (
				1E8A3DFB24855F0600CBA65E /* VisitsPreviewView.swift */,
				1ECD78AA24A6B0C3007F1EBD /* VisitsTimeLineView */,
				1E995AFA24A5845900F436BE /* FromTodayPopupView.swift */,
				1E995AFC24A5BF3200F436BE /* ScrollBackToTodayButton.swift */,
				1E9C2AC624BA30580095FC6E /* MenuBarIndicator.swift */,
				1E9C2AC824BA505E0095FC6E /* ResizingOverlayView.swift */,
			);
			path = VisitsPreviewView;
			sourceTree = "<group>";
		};
		1EAAC53C24875D26006DBB8E /* Extensions */ = {
			isa = PBXGroup;
			children = (
				1E1EBE0324AF0C5E00FBBD41 /* Calendar+DateOperations.swift */,
				1E854E3024AECC6300E50973 /* Color+Custom.swift */,
				1E80E5BE24BD727B0030F5E0 /* Comparable+Clamped.swift */,
				1EFC6BC624BFE197002B96D7 /* Date+DaysFromToday.swift */,
				1EAAC5322485C5A0006DBB8E /* Date+toDateComponents.swift */,
				1E8A3DF924855E6400CBA65E /* Date+toString.swift */,
				1E8A3E0024858A9B00CBA65E /* DateComponents+Comparable.swift */,
				1EAAC53A24875D14006DBB8E /* DateComponents+Strideable.swift */,
				1EAAC5342485DBED006DBB8E /* DateComponents+Subcomponents.swift */,
				1E8A3E0224858AF900CBA65E /* Dictionary+SortedKeys.swift */,
				1E8A3E102485AEAD00CBA65E /* EnvironmentKey+AppTheme.swift */,
				1E66EC3724AC19CD0070F16E /* EnvironmentKey+Timer.swift */,
				1E80E5C024BD770C0030F5E0 /* Image+Custom.swift */,
				1E5017FA2488B4C1002496DE /* View+CaptureSize.swift */,
				1E8A3E0A24859F2200CBA65E /* View+Rotated.swift */,
			);
			path = Extensions;
			sourceTree = "<group>";
		};
		1EAAC53D24875D59006DBB8E /* Views */ = {
			isa = PBXGroup;
			children = (
				1E8D768E24B8175B0027073E /* HomeView */,
				1E8D768C24B816FA0027073E /* VisitsListView */,
			);
			path = Views;
			sourceTree = "<group>";
		};
		1ECD78AA24A6B0C3007F1EBD /* VisitsTimeLineView */ = {
			isa = PBXGroup;
			children = (
				1E995B0324A69C7300F436BE /* VisitsTimelineView.swift */,
				1E8A3E0824859EF400CBA65E /* MonthYearSideBar.swift */,
				1EBDB47824AAA71D00F0C3E5 /* QuoteView.swift */,
				1E8D768D24B817310027073E /* VisitsPreviewList */,
			);
			path = VisitsTimeLineView;
			sourceTree = "<group>";
		};
		1ECD78AB24A6B2FB007F1EBD /* DayVisitsView */ = {
			isa = PBXGroup;
			children = (
				1E995AFE24A5CBEF00F436BE /* DayVisitsView.swift */,
				1E8A3E0424859ECB00CBA65E /* DaySideBar.swift */,
				1ECD78AC24A6B324007F1EBD /* DayPreviewBlock */,
			);
			path = DayVisitsView;
			sourceTree = "<group>";
		};
		1ECD78AC24A6B324007F1EBD /* DayPreviewBlock */ = {
			isa = PBXGroup;
			children = (
				1E8A3E0E2485AAE000CBA65E /* DayPreviewBlock.swift */,
				1E8A3E0C24859F7000CBA65E /* VisitPreviewCell.swift */,
			);
			path = DayPreviewBlock;
			sourceTree = "<group>";
		};
		1ECD78AD24A6B3F1007F1EBD /* Models */ = {
			isa = PBXGroup;
			children = (
				1E8A3E0624859EE200CBA65E /* Constants.swift */,
				1EE035E724B298B500DE6850 /* UITableViewDirectAccess.swift */,
				1E8A3DF724855E1100CBA65E /* Visit.swift */,
				1E717C6D24B9970D0040877E /* VisitsProvider.swift */,
			);
			path = Models;
			sourceTree = "<group>";
		};
		1ECD78AE24A6B3F8007F1EBD /* ObservableObjects */ = {
			isa = PBXGroup;
			children = (
				1EC22FE724C03F470095F3C3 /* FromTodayPopupState.swift */,
				1E15AC7224AEA18C00623E98 /* HomeManager.swift */,
				1EAAC538248613EC006DBB8E /* ListScrollState.swift */,
				1EC22FE524C03F030095F3C3 /* MonthYearSideBarState.swift */,
				1E8D768A24B816A40027073E /* PageScrollState.swift */,
				1EC22FE924C03FB00095F3C3 /* QuoteState.swift */,
			);
			path = ObservableObjects;
			sourceTree = "<group>";
		};
		1ECD78AF24A6B402007F1EBD /* Previews */ = {
			isa = PBXGroup;
			children = (
				1E995AF824A573BC00F436BE /* LightDarkThemePreview.swift */,
			);
			path = Previews;
			sourceTree = "<group>";
		};
/* End PBXGroup section */

/* Begin PBXNativeTarget section */
		1E8A3DDF248557C200CBA65E /* ElegantTimeline */ = {
			isa = PBXNativeTarget;
			buildConfigurationList = 1E8A3DF4248557C300CBA65E /* Build configuration list for PBXNativeTarget "ElegantTimeline" */;
			buildPhases = (
				1E8A3DDC248557C200CBA65E /* Sources */,
				1E8A3DDD248557C200CBA65E /* Frameworks */,
				1E8A3DDE248557C200CBA65E /* Resources */,
			);
			buildRules = (
			);
			dependencies = (
			);
			name = ElegantTimeline;
			packageProductDependencies = (
				1E0D92DF24A52355007F41DE /* ElegantCalendar */,
				1E161B0224D5FF3400CA2B7F /* ElegantColorPalette */,
			);
			productName = TrackableList;
			productReference = 1E8A3DE0248557C200CBA65E /* ElegantTimeline.app */;
			productType = "com.apple.product-type.application";
		};
/* End PBXNativeTarget section */

/* Begin PBXProject section */
		1E8A3DD8248557C200CBA65E /* Project object */ = {
			isa = PBXProject;
			attributes = {
				LastSwiftUpdateCheck = 1150;
				LastUpgradeCheck = 1150;
				ORGANIZATIONNAME = "Kevin Li";
				TargetAttributes = {
					1E8A3DDF248557C200CBA65E = {
						CreatedOnToolsVersion = 11.5;
					};
				};
			};
			buildConfigurationList = 1E8A3DDB248557C200CBA65E /* Build configuration list for PBXProject "ElegantTimeline" */;
			compatibilityVersion = "Xcode 9.3";
			developmentRegion = en;
			hasScannedForEncodings = 0;
			knownRegions = (
				en,
				Base,
			);
			mainGroup = 1E8A3DD7248557C200CBA65E;
			packageReferences = (
				1E0D92DE24A52355007F41DE /* XCRemoteSwiftPackageReference "ElegantCalendar" */,
				1E161B0124D5FF3400CA2B7F /* XCRemoteSwiftPackageReference "ElegantColorPalette" */,
			);
			productRefGroup = 1E8A3DE1248557C200CBA65E /* Products */;
			projectDirPath = "";
			projectRoot = "";
			targets = (
				1E8A3DDF248557C200CBA65E /* ElegantTimeline */,
			);
		};
/* End PBXProject section */

/* Begin PBXResourcesBuildPhase section */
		1E8A3DDE248557C200CBA65E /* Resources */ = {
			isa = PBXResourcesBuildPhase;
			buildActionMask = 2147483647;
			files = (
				1E8A3DF0248557C300CBA65E /* LaunchScreen.storyboard in Resources */,
				1E8A3DED248557C300CBA65E /* Preview Assets.xcassets in Resources */,
				1E8A3DEA248557C300CBA65E /* Assets.xcassets in Resources */,
				1E161B0024D5F7A300CA2B7F /* ElegantCalendar.xcassets in Resources */,
			);
			runOnlyForDeploymentPostprocessing = 0;
		};
/* End PBXResourcesBuildPhase section */

/* Begin PBXSourcesBuildPhase section */
		1E8A3DDC248557C200CBA65E /* Sources */ = {
			isa = PBXSourcesBuildPhase;
			buildActionMask = 2147483647;
			files = (
				1E8A3DFA24855E6400CBA65E /* Date+toString.swift in Sources */,
				1EC22FEA24C03FB00095F3C3 /* QuoteState.swift in Sources */,
				1E15AC6F24AEA01800623E98 /* HomeView.swift in Sources */,
				1E67992924AEB1C300C18735 /* MenuView.swift in Sources */,
				1EE035E824B298B500DE6850 /* UITableViewDirectAccess.swift in Sources */,
				1EAAC5352485DBED006DBB8E /* DateComponents+Subcomponents.swift in Sources */,
				1EFC6BC724BFE197002B96D7 /* Date+DaysFromToday.swift in Sources */,
				1EAAC5332485C5A0006DBB8E /* Date+toDateComponents.swift in Sources */,
				1E8A3E0524859ECB00CBA65E /* DaySideBar.swift in Sources */,
				1E8A3DE4248557C200CBA65E /* AppDelegate.swift in Sources */,
				1E9C2AC724BA30580095FC6E /* MenuBarIndicator.swift in Sources */,
				1E995AFB24A5845900F436BE /* FromTodayPopupView.swift in Sources */,
				1E8D768924B813C10027073E /* VisitCell.swift in Sources */,
				1E66EC3824AC19CD0070F16E /* EnvironmentKey+Timer.swift in Sources */,
				1E8A3DFC24855F0600CBA65E /* VisitsPreviewView.swift in Sources */,
				1EC22FE824C03F470095F3C3 /* FromTodayPopupState.swift in Sources */,
				1E995B0424A69C7300F436BE /* VisitsTimelineView.swift in Sources */,
				1E8A3E0924859EF400CBA65E /* MonthYearSideBar.swift in Sources */,
				1EAAC53B24875D14006DBB8E /* DateComponents+Strideable.swift in Sources */,
				1E995AFF24A5CBEF00F436BE /* DayVisitsView.swift in Sources */,
				1E8A3E0724859EE200CBA65E /* Constants.swift in Sources */,
				1E1EBE0424AF0C5E00FBBD41 /* Calendar+DateOperations.swift in Sources */,
				1E995AFD24A5BF3200F436BE /* ScrollBackToTodayButton.swift in Sources */,
				1E8A3E0D24859F7000CBA65E /* VisitPreviewCell.swift in Sources */,
				1E15AC7324AEA18C00623E98 /* HomeManager.swift in Sources */,
				1E8D768724B813250027073E /* VisitsListView.swift in Sources */,
				1E9C2AC924BA505E0095FC6E /* ResizingOverlayView.swift in Sources */,
				1E8D768B24B816A50027073E /* PageScrollState.swift in Sources */,
				1E854E3124AECC6300E50973 /* Color+Custom.swift in Sources */,
				1E80E5BF24BD727B0030F5E0 /* Comparable+Clamped.swift in Sources */,
				1EAAC539248613EC006DBB8E /* ListScrollState.swift in Sources */,
				1E8A3DF824855E1100CBA65E /* Visit.swift in Sources */,
				1E717C6E24B9970D0040877E /* VisitsProvider.swift in Sources */,
				1E995AF924A573BC00F436BE /* LightDarkThemePreview.swift in Sources */,
				1E8A3E0324858AF900CBA65E /* Dictionary+SortedKeys.swift in Sources */,
				1E5017FB2488B4C1002496DE /* View+CaptureSize.swift in Sources */,
				1E161B0624D5FF5000CA2B7F /* ThemePickerView.swift in Sources */,
				1E8A3DE6248557C200CBA65E /* SceneDelegate.swift in Sources */,
				1E8A3E0124858A9B00CBA65E /* DateComponents+Comparable.swift in Sources */,
				1EBDB47924AAA71D00F0C3E5 /* QuoteView.swift in Sources */,
				1E8A3E112485AEAD00CBA65E /* EnvironmentKey+AppTheme.swift in Sources */,
				1E8A3E0F2485AAE000CBA65E /* DayPreviewBlock.swift in Sources */,
				1E8A3E0B24859F2200CBA65E /* View+Rotated.swift in Sources */,
				1E8E711E24AFC9FF006380B6 /* VisitsPreviewList.swift in Sources */,
				1E80E5C124BD770C0030F5E0 /* Image+Custom.swift in Sources */,
				1EC22FE624C03F030095F3C3 /* MonthYearSideBarState.swift in Sources */,
			);
			runOnlyForDeploymentPostprocessing = 0;
		};
/* End PBXSourcesBuildPhase section */

/* Begin PBXVariantGroup section */
		1E8A3DEE248557C300CBA65E /* LaunchScreen.storyboard */ = {
			isa = PBXVariantGroup;
			children = (
				1E8A3DEF248557C300CBA65E /* Base */,
			);
			name = LaunchScreen.storyboard;
			sourceTree = "<group>";
		};
/* End PBXVariantGroup section */

/* Begin XCBuildConfiguration section */
		1E8A3DF2248557C300CBA65E /* Debug */ = {
			isa = XCBuildConfiguration;
			buildSettings = {
				ALWAYS_SEARCH_USER_PATHS = NO;
				CLANG_ANALYZER_NONNULL = YES;
				CLANG_ANALYZER_NUMBER_OBJECT_CONVERSION = YES_AGGRESSIVE;
				CLANG_CXX_LANGUAGE_STANDARD = "gnu++14";
				CLANG_CXX_LIBRARY = "libc++";
				CLANG_ENABLE_MODULES = YES;
				CLANG_ENABLE_OBJC_ARC = YES;
				CLANG_ENABLE_OBJC_WEAK = YES;
				CLANG_WARN_BLOCK_CAPTURE_AUTORELEASING = YES;
				CLANG_WARN_BOOL_CONVERSION = YES;
				CLANG_WARN_COMMA = YES;
				CLANG_WARN_CONSTANT_CONVERSION = YES;
				CLANG_WARN_DEPRECATED_OBJC_IMPLEMENTATIONS = YES;
				CLANG_WARN_DIRECT_OBJC_ISA_USAGE = YES_ERROR;
				CLANG_WARN_DOCUMENTATION_COMMENTS = YES;
				CLANG_WARN_EMPTY_BODY = YES;
				CLANG_WARN_ENUM_CONVERSION = YES;
				CLANG_WARN_INFINITE_RECURSION = YES;
				CLANG_WARN_INT_CONVERSION = YES;
				CLANG_WARN_NON_LITERAL_NULL_CONVERSION = YES;
				CLANG_WARN_OBJC_IMPLICIT_RETAIN_SELF = YES;
				CLANG_WARN_OBJC_LITERAL_CONVERSION = YES;
				CLANG_WARN_OBJC_ROOT_CLASS = YES_ERROR;
				CLANG_WARN_RANGE_LOOP_ANALYSIS = YES;
				CLANG_WARN_STRICT_PROTOTYPES = YES;
				CLANG_WARN_SUSPICIOUS_MOVE = YES;
				CLANG_WARN_UNGUARDED_AVAILABILITY = YES_AGGRESSIVE;
				CLANG_WARN_UNREACHABLE_CODE = YES;
				CLANG_WARN__DUPLICATE_METHOD_MATCH = YES;
				COPY_PHASE_STRIP = NO;
				DEBUG_INFORMATION_FORMAT = dwarf;
				ENABLE_STRICT_OBJC_MSGSEND = YES;
				ENABLE_TESTABILITY = YES;
				GCC_C_LANGUAGE_STANDARD = gnu11;
				GCC_DYNAMIC_NO_PIC = NO;
				GCC_NO_COMMON_BLOCKS = YES;
				GCC_OPTIMIZATION_LEVEL = 0;
				GCC_PREPROCESSOR_DEFINITIONS = (
					"DEBUG=1",
					"$(inherited)",
				);
				GCC_WARN_64_TO_32_BIT_CONVERSION = YES;
				GCC_WARN_ABOUT_RETURN_TYPE = YES_ERROR;
				GCC_WARN_UNDECLARED_SELECTOR = YES;
				GCC_WARN_UNINITIALIZED_AUTOS = YES_AGGRESSIVE;
				GCC_WARN_UNUSED_FUNCTION = YES;
				GCC_WARN_UNUSED_VARIABLE = YES;
				IPHONEOS_DEPLOYMENT_TARGET = 13.0;
				MTL_ENABLE_DEBUG_INFO = INCLUDE_SOURCE;
				MTL_FAST_MATH = YES;
				ONLY_ACTIVE_ARCH = YES;
				SDKROOT = iphoneos;
				SWIFT_ACTIVE_COMPILATION_CONDITIONS = DEBUG;
				SWIFT_OPTIMIZATION_LEVEL = "-Onone";
			};
			name = Debug;
		};
		1E8A3DF3248557C300CBA65E /* Release */ = {
			isa = XCBuildConfiguration;
			buildSettings = {
				ALWAYS_SEARCH_USER_PATHS = NO;
				CLANG_ANALYZER_NONNULL = YES;
				CLANG_ANALYZER_NUMBER_OBJECT_CONVERSION = YES_AGGRESSIVE;
				CLANG_CXX_LANGUAGE_STANDARD = "gnu++14";
				CLANG_CXX_LIBRARY = "libc++";
				CLANG_ENABLE_MODULES = YES;
				CLANG_ENABLE_OBJC_ARC = YES;
				CLANG_ENABLE_OBJC_WEAK = YES;
				CLANG_WARN_BLOCK_CAPTURE_AUTORELEASING = YES;
				CLANG_WARN_BOOL_CONVERSION = YES;
				CLANG_WARN_COMMA = YES;
				CLANG_WARN_CONSTANT_CONVERSION = YES;
				CLANG_WARN_DEPRECATED_OBJC_IMPLEMENTATIONS = YES;
				CLANG_WARN_DIRECT_OBJC_ISA_USAGE = YES_ERROR;
				CLANG_WARN_DOCUMENTATION_COMMENTS = YES;
				CLANG_WARN_EMPTY_BODY = YES;
				CLANG_WARN_ENUM_CONVERSION = YES;
				CLANG_WARN_INFINITE_RECURSION = YES;
				CLANG_WARN_INT_CONVERSION = YES;
				CLANG_WARN_NON_LITERAL_NULL_CONVERSION = YES;
				CLANG_WARN_OBJC_IMPLICIT_RETAIN_SELF = YES;
				CLANG_WARN_OBJC_LITERAL_CONVERSION = YES;
				CLANG_WARN_OBJC_ROOT_CLASS = YES_ERROR;
				CLANG_WARN_RANGE_LOOP_ANALYSIS = YES;
				CLANG_WARN_STRICT_PROTOTYPES = YES;
				CLANG_WARN_SUSPICIOUS_MOVE = YES;
				CLANG_WARN_UNGUARDED_AVAILABILITY = YES_AGGRESSIVE;
				CLANG_WARN_UNREACHABLE_CODE = YES;
				CLANG_WARN__DUPLICATE_METHOD_MATCH = YES;
				COPY_PHASE_STRIP = NO;
				DEBUG_INFORMATION_FORMAT = "dwarf-with-dsym";
				ENABLE_NS_ASSERTIONS = NO;
				ENABLE_STRICT_OBJC_MSGSEND = YES;
				GCC_C_LANGUAGE_STANDARD = gnu11;
				GCC_NO_COMMON_BLOCKS = YES;
				GCC_WARN_64_TO_32_BIT_CONVERSION = YES;
				GCC_WARN_ABOUT_RETURN_TYPE = YES_ERROR;
				GCC_WARN_UNDECLARED_SELECTOR = YES;
				GCC_WARN_UNINITIALIZED_AUTOS = YES_AGGRESSIVE;
				GCC_WARN_UNUSED_FUNCTION = YES;
				GCC_WARN_UNUSED_VARIABLE = YES;
				IPHONEOS_DEPLOYMENT_TARGET = 13.0;
				MTL_ENABLE_DEBUG_INFO = NO;
				MTL_FAST_MATH = YES;
				SDKROOT = iphoneos;
				SWIFT_COMPILATION_MODE = wholemodule;
				SWIFT_OPTIMIZATION_LEVEL = "-O";
				VALIDATE_PRODUCT = YES;
			};
			name = Release;
		};
		1E8A3DF5248557C300CBA65E /* Debug */ = {
			isa = XCBuildConfiguration;
			buildSettings = {
				ASSETCATALOG_COMPILER_APPICON_NAME = AppIcon;
				CODE_SIGN_STYLE = Automatic;
				DEVELOPMENT_ASSET_PATHS = "\"ElegantTimeline/Preview Content\"";
				DEVELOPMENT_TEAM = 75H2NCGMKS;
				ENABLE_PREVIEWS = YES;
				INFOPLIST_FILE = ElegantTimeline/Info.plist;
				LD_RUNPATH_SEARCH_PATHS = (
					"$(inherited)",
					"@executable_path/Frameworks",
				);
				PRODUCT_BUNDLE_IDENTIFIER = com.kevinli.ElegantTimeline;
				PRODUCT_NAME = "$(TARGET_NAME)";
				SWIFT_VERSION = 5.0;
				TARGETED_DEVICE_FAMILY = "1,2";
			};
			name = Debug;
		};
		1E8A3DF6248557C300CBA65E /* Release */ = {
			isa = XCBuildConfiguration;
			buildSettings = {
				ASSETCATALOG_COMPILER_APPICON_NAME = AppIcon;
				CODE_SIGN_STYLE = Automatic;
				DEVELOPMENT_ASSET_PATHS = "\"ElegantTimeline/Preview Content\"";
				DEVELOPMENT_TEAM = 75H2NCGMKS;
				ENABLE_PREVIEWS = YES;
				INFOPLIST_FILE = ElegantTimeline/Info.plist;
				LD_RUNPATH_SEARCH_PATHS = (
					"$(inherited)",
					"@executable_path/Frameworks",
				);
				PRODUCT_BUNDLE_IDENTIFIER = com.kevinli.ElegantTimeline;
				PRODUCT_NAME = "$(TARGET_NAME)";
				SWIFT_VERSION = 5.0;
				TARGETED_DEVICE_FAMILY = "1,2";
			};
			name = Release;
		};
/* End XCBuildConfiguration section */

/* Begin XCConfigurationList section */
		1E8A3DDB248557C200CBA65E /* Build configuration list for PBXProject "ElegantTimeline" */ = {
			isa = XCConfigurationList;
			buildConfigurations = (
				1E8A3DF2248557C300CBA65E /* Debug */,
				1E8A3DF3248557C300CBA65E /* Release */,
			);
			defaultConfigurationIsVisible = 0;
			defaultConfigurationName = Release;
		};
		1E8A3DF4248557C300CBA65E /* Build configuration list for PBXNativeTarget "ElegantTimeline" */ = {
			isa = XCConfigurationList;
			buildConfigurations = (
				1E8A3DF5248557C300CBA65E /* Debug */,
				1E8A3DF6248557C300CBA65E /* Release */,
			);
			defaultConfigurationIsVisible = 0;
			defaultConfigurationName = Release;
		};
/* End XCConfigurationList section */

/* Begin XCRemoteSwiftPackageReference section */
		1E0D92DE24A52355007F41DE /* XCRemoteSwiftPackageReference "ElegantCalendar" */ = {
			isa = XCRemoteSwiftPackageReference;
			repositoryURL = "https://github.com/ThasianX/ElegantCalendar";
			requirement = {
				kind = upToNextMajorVersion;
				minimumVersion = 4.2.0;
			};
		};
		1E161B0124D5FF3400CA2B7F /* XCRemoteSwiftPackageReference "ElegantColorPalette" */ = {
			isa = XCRemoteSwiftPackageReference;
			repositoryURL = "https://github.com/ThasianX/ElegantColorPalette";
			requirement = {
				kind = upToNextMajorVersion;
				minimumVersion = 1.1.0;
			};
		};
/* End XCRemoteSwiftPackageReference section */

/* Begin XCSwiftPackageProductDependency section */
		1E0D92DF24A52355007F41DE /* ElegantCalendar */ = {
			isa = XCSwiftPackageProductDependency;
			package = 1E0D92DE24A52355007F41DE /* XCRemoteSwiftPackageReference "ElegantCalendar" */;
			productName = ElegantCalendar;
		};
		1E161B0224D5FF3400CA2B7F /* ElegantColorPalette */ = {
			isa = XCSwiftPackageProductDependency;
			package = 1E161B0124D5FF3400CA2B7F /* XCRemoteSwiftPackageReference "ElegantColorPalette" */;
			productName = ElegantColorPalette;
		};
/* End XCSwiftPackageProductDependency section */
	};
	rootObject = 1E8A3DD8248557C200CBA65E /* Project object */;
}
